
Microsoft Visual Studio Solution File, Format Version 12.00
# Visual Studio 2013
VisualStudioVersion = 12.0.40629.0
MinimumVisualStudioVersion = 10.0.40219.1
Project("{FAE04EC0-301F-11D3-BF4B-00C04F79EFBC}") = "projectShop", "projectShop\projectShop.csproj", "{9D8D5BA4-7A94-4BF7-B5ED-9192644C5BAB}"
EndProject
Global
	GlobalSection(SolutionConfigurationPlatforms) = preSolution
		Debug|Any CPU = Debug|Any CPU
		Release|Any CPU = Release|Any CPU
	EndGlobalSection
	GlobalSection(ProjectConfigurationPlatforms) = postSolution
		{9D8D5BA4-7A94-4BF7-B5ED-9192644C5BAB}.Debug|Any CPU.ActiveCfg = Debug|Any CPU
		{9D8D5BA4-7A94-4BF7-B5ED-9192644C5BAB}.Debug|Any CPU.Build.0 = Debug|Any CPU
		{9D8D5BA4-7A94-4BF7-B5ED-9192644C5BAB}.Release|Any CPU.ActiveCfg = Release|Any CPU
		{9D8D5BA4-7A94-4BF7-B5ED-9192644C5BAB}.Release|Any CPU.Build.0 = Release|Any CPU
	EndGlobalSection
	GlobalSection(SolutionProperties) = preSolution
		HideSolutionNode = FALSE
	EndGlobalSection
EndGlobal
